// !$*UTF8*$!
{
	archiveVersion = 1;
	classes = {
	};
	objectVersion = 50;
	objects = {

/* Begin PBXBuildFile section */
		77AA255766761EBFE893A96B /* Pods_Watermarks.framework in Frameworks */ = {isa = PBXBuildFile; fileRef = 492EE16D48D2377794CE02FF /* Pods_Watermarks.framework */; };
		894FA97621FF1EC300AAB125 /* AppDelegate.swift in Sources */ = {isa = PBXBuildFile; fileRef = 894FA97521FF1EC300AAB125 /* AppDelegate.swift */; };
		894FA97821FF1EC300AAB125 /* ViewController.swift in Sources */ = {isa = PBXBuildFile; fileRef = 894FA97721FF1EC300AAB125 /* ViewController.swift */; };
		894FA97B21FF1EC300AAB125 /* Main.storyboard in Resources */ = {isa = PBXBuildFile; fileRef = 894FA97921FF1EC300AAB125 /* Main.storyboard */; };
		894FA97D21FF1EC700AAB125 /* Assets.xcassets in Resources */ = {isa = PBXBuildFile; fileRef = 894FA97C21FF1EC700AAB125 /* Assets.xcassets */; };
		894FA98021FF1EC700AAB125 /* LaunchScreen.storyboard in Resources */ = {isa = PBXBuildFile; fileRef = 894FA97E21FF1EC700AAB125 /* LaunchScreen.storyboard */; };
/* End PBXBuildFile section */

/* Begin PBXFileReference section */
		3FE0E4867AF8F85904AAD0B7 /* Pods-Watermarks.release.xcconfig */ = {isa = PBXFileReference; includeInIndex = 1; lastKnownFileType = text.xcconfig; name = "Pods-Watermarks.release.xcconfig"; path = "Pods/Target Support Files/Pods-Watermarks/Pods-Watermarks.release.xcconfig"; sourceTree = "<group>"; };
		492EE16D48D2377794CE02FF /* Pods_Watermarks.framework */ = {isa = PBXFileReference; explicitFileType = wrapper.framework; includeInIndex = 0; path = Pods_Watermarks.framework; sourceTree = BUILT_PRODUCTS_DIR; };
		6F0F619FE2466E1D5FD2983A /* Pods-Watermarks.debug.xcconfig */ = {isa = PBXFileReference; includeInIndex = 1; lastKnownFileType = text.xcconfig; name = "Pods-Watermarks.debug.xcconfig"; path = "Pods/Target Support Files/Pods-Watermarks/Pods-Watermarks.debug.xcconfig"; sourceTree = "<group>"; };
		894FA97221FF1EC300AAB125 /* Watermarks.app */ = {isa = PBXFileReference; explicitFileType = wrapper.application; includeInIndex = 0; path = Watermarks.app; sourceTree = BUILT_PRODUCTS_DIR; };
		894FA97521FF1EC300AAB125 /* AppDelegate.swift */ = {isa = PBXFileReference; lastKnownFileType = sourcecode.swift; path = AppDelegate.swift; sourceTree = "<group>"; };
		894FA97721FF1EC300AAB125 /* ViewController.swift */ = {isa = PBXFileReference; lastKnownFileType = sourcecode.swift; path = ViewController.swift; sourceTree = "<group>"; };
		894FA97A21FF1EC300AAB125 /* Base */ = {isa = PBXFileReference; lastKnownFileType = file.storyboard; name = Base; path = Base.lproj/Main.storyboard; sourceTree = "<group>"; };
		894FA97C21FF1EC700AAB125 /* Assets.xcassets */ = {isa = PBXFileReference; lastKnownFileType = folder.assetcatalog; path = Assets.xcassets; sourceTree = "<group>"; };
		894FA97F21FF1EC700AAB125 /* Base */ = {isa = PBXFileReference; lastKnownFileType = file.storyboard; name = Base; path = Base.lproj/LaunchScreen.storyboard; sourceTree = "<group>"; };
		894FA98121FF1EC700AAB125 /* Info.plist */ = {isa = PBXFileReference; lastKnownFileType = text.plist.xml; path = Info.plist; sourceTree = "<group>"; };
/* End PBXFileReference section */

/* Begin PBXFrameworksBuildPhase section */
		894FA96F21FF1EC300AAB125 /* Frameworks */ = {
			isa = PBXFrameworksBuildPhase;
			buildActionMask = 2147483647;
			files = (
				77AA255766761EBFE893A96B /* Pods_Watermarks.framework in Frameworks */,
			);
			runOnlyForDeploymentPostprocessing = 0;
		};
/* End PBXFrameworksBuildPhase section */

/* Begin PBXGroup section */
		894FA96921FF1EC300AAB125 = {
			isa = PBXGroup;
			children = (
				894FA97421FF1EC300AAB125 /* Watermarks */,
				894FA97321FF1EC300AAB125 /* Products */,
				92F64BDED0AB3A4CEEE3E356 /* Pods */,
				B05E3D0108EC9352BAE1997A /* Frameworks */,
			);
			sourceTree = "<group>";
		};
		894FA97321FF1EC300AAB125 /* Products */ = {
			isa = PBXGroup;
			children = (
				894FA97221FF1EC300AAB125 /* Watermarks.app */,
			);
			name = Products;
			sourceTree = "<group>";
		};
		894FA97421FF1EC300AAB125 /* Watermarks */ = {
			isa = PBXGroup;
			children = (
				894FA97521FF1EC300AAB125 /* AppDelegate.swift */,
				894FA97721FF1EC300AAB125 /* ViewController.swift */,
				894FA97921FF1EC300AAB125 /* Main.storyboard */,
				894FA97C21FF1EC700AAB125 /* Assets.xcassets */,
				894FA97E21FF1EC700AAB125 /* LaunchScreen.storyboard */,
				894FA98121FF1EC700AAB125 /* Info.plist */,
			);
			path = Watermarks;
			sourceTree = "<group>";
		};
		92F64BDED0AB3A4CEEE3E356 /* Pods */ = {
			isa = PBXGroup;
			children = (
				6F0F619FE2466E1D5FD2983A /* Pods-Watermarks.debug.xcconfig */,
				3FE0E4867AF8F85904AAD0B7 /* Pods-Watermarks.release.xcconfig */,
			);
			name = Pods;
			sourceTree = "<group>";
		};
		B05E3D0108EC9352BAE1997A /* Frameworks */ = {
			isa = PBXGroup;
			children = (
				492EE16D48D2377794CE02FF /* Pods_Watermarks.framework */,
			);
			name = Frameworks;
			sourceTree = "<group>";
		};
/* End PBXGroup section */

/* Begin PBXNativeTarget section */
		894FA97121FF1EC300AAB125 /* Watermarks */ = {
			isa = PBXNativeTarget;
			buildConfigurationList = 894FA98421FF1EC700AAB125 /* Build configuration list for PBXNativeTarget "Watermarks" */;
			buildPhases = (
				20F3376E2636507C4C0CB3B2 /* [CP] Check Pods Manifest.lock */,
				894FA96E21FF1EC300AAB125 /* Sources */,
				894FA96F21FF1EC300AAB125 /* Frameworks */,
				894FA97021FF1EC300AAB125 /* Resources */,
				650594F8C548CA691AAC3531 /* [CP] Embed Pods Frameworks */,
			);
			buildRules = (
			);
			dependencies = (
			);
			name = Watermarks;
			productName = Watermarks;
			productReference = 894FA97221FF1EC300AAB125 /* Watermarks.app */;
			productType = "com.apple.product-type.application";
		};
/* End PBXNativeTarget section */

/* Begin PBXProject section */
		894FA96A21FF1EC300AAB125 /* Project object */ = {
			isa = PBXProject;
			attributes = {
				LastSwiftUpdateCheck = 1000;
				LastUpgradeCheck = 1000;
				ORGANIZATIONNAME = "Prashant G";
				TargetAttributes = {
					894FA97121FF1EC300AAB125 = {
						CreatedOnToolsVersion = 10.0;
					};
				};
			};
			buildConfigurationList = 894FA96D21FF1EC300AAB125 /* Build configuration list for PBXProject "Watermarks" */;
			compatibilityVersion = "Xcode 9.3";
			developmentRegion = en;
			hasScannedForEncodings = 0;
			knownRegions = (
				en,
				Base,
			);
			mainGroup = 894FA96921FF1EC300AAB125;
			productRefGroup = 894FA97321FF1EC300AAB125 /* Products */;
			projectDirPath = "";
			projectRoot = "";
			targets = (
				894FA97121FF1EC300AAB125 /* Watermarks */,
			);
		};
/* End PBXProject section */

/* Begin PBXResourcesBuildPhase section */
		894FA97021FF1EC300AAB125 /* Resources */ = {
			isa = PBXResourcesBuildPhase;
			buildActionMask = 2147483647;
			files = (
				894FA98021FF1EC700AAB125 /* LaunchScreen.storyboard in Resources */,
				894FA97D21FF1EC700AAB125 /* Assets.xcassets in Resources */,
				894FA97B21FF1EC300AAB125 /* Main.storyboard in Resources */,
			);
			runOnlyForDeploymentPostprocessing = 0;
		};
/* End PBXResourcesBuildPhase section */

/* Begin PBXShellScriptBuildPhase section */
		20F3376E2636507C4C0CB3B2 /* [CP] Check Pods Manifest.lock */ = {
			isa = PBXShellScriptBuildPhase;
			buildActionMask = 2147483647;
			files = (
			);
			inputPaths = (
				"${PODS_PODFILE_DIR_PATH}/Podfile.lock",
				"${PODS_ROOT}/Manifest.lock",
			);
			name = "[CP] Check Pods Manifest.lock";
			outputPaths = (
				"$(DERIVED_FILE_DIR)/Pods-Watermarks-checkManifestLockResult.txt",
			);
			runOnlyForDeploymentPostprocessing = 0;
			shellPath = /bin/sh;
			shellScript = "diff \"${PODS_PODFILE_DIR_PATH}/Podfile.lock\" \"${PODS_ROOT}/Manifest.lock\" > /dev/null\nif [ $? != 0 ] ; then\n    # print error to STDERR\n    echo \"error: The sandbox is not in sync with the Podfile.lock. Run 'pod install' or update your CocoaPods installation.\" >&2\n    exit 1\nfi\n# This output is used by Xcode 'outputs' to avoid re-running this script phase.\necho \"SUCCESS\" > \"${SCRIPT_OUTPUT_FILE_0}\"\n";
			showEnvVarsInLog = 0;
		};
		650594F8C548CA691AAC3531 /* [CP] Embed Pods Frameworks */ = {
			isa = PBXShellScriptBuildPhase;
			buildActionMask = 2147483647;
			files = (
			);
			inputPaths = (
				"${SRCROOT}/Pods/Target Support Files/Pods-Watermarks/Pods-Watermarks-frameworks.sh",
				"${BUILT_PRODUCTS_DIR}/MediaWatermark/MediaWatermark.framework",
			);
			name = "[CP] Embed Pods Frameworks";
			outputPaths = (
				"${TARGET_BUILD_DIR}/${FRAMEWORKS_FOLDER_PATH}/MediaWatermark.framework",
			);
			runOnlyForDeploymentPostprocessing = 0;
			shellPath = /bin/sh;
			shellScript = "\"${SRCROOT}/Pods/Target Support Files/Pods-Watermarks/Pods-Watermarks-frameworks.sh\"\n";
			showEnvVarsInLog = 0;
		};
/* End PBXShellScriptBuildPhase section */

/* Begin PBXSourcesBuildPhase section */
		894FA96E21FF1EC300AAB125 /* Sources */ = {
			isa = PBXSourcesBuildPhase;
			buildActionMask = 2147483647;
			files = (
				894FA97821FF1EC300AAB125 /* ViewController.swift in Sources */,
				894FA97621FF1EC300AAB125 /* AppDelegate.swift in Sources */,
			);
			runOnlyForDeploymentPostprocessing = 0;
		};
/* End PBXSourcesBuildPhase section */

/* Begin PBXVariantGroup section */
		894FA97921FF1EC300AAB125 /* Main.storyboard */ = {
			isa = PBXVariantGroup;
			children = (
				894FA97A21FF1EC300AAB125 /* Base */,
			);
			name = Main.storyboard;
			sourceTree = "<group>";
		};
		894FA97E21FF1EC700AAB125 /* LaunchScreen.storyboard */ = {
			isa = PBXVariantGroup;
			children = (
				894FA97F21FF1EC700AAB125 /* Base */,
			);
			name = LaunchScreen.storyboard;
			sourceTree = "<group>";
		};
/* End PBXVariantGroup section */

/* Begin XCBuildConfiguration section */
		894FA98221FF1EC700AAB125 /* Debug */ = {
			isa = XCBuildConfiguration;
			buildSettings = {
				ALWAYS_SEARCH_USER_PATHS = NO;
				CLANG_ANALYZER_NONNULL = YES;
				CLANG_ANALYZER_NUMBER_OBJECT_CONVERSION = YES_AGGRESSIVE;
				CLANG_CXX_LANGUAGE_STANDARD = "gnu++14";
				CLANG_CXX_LIBRARY = "libc++";
				CLANG_ENABLE_MODULES = YES;
				CLANG_ENABLE_OBJC_ARC = YES;
				CLANG_ENABLE_OBJC_WEAK = YES;
				CLANG_WARN_BLOCK_CAPTURE_AUTORELEASING = YES;
				CLANG_WARN_BOOL_CONVERSION = YES;
				CLANG_WARN_COMMA = YES;
				CLANG_WARN_CONSTANT_CONVERSION = YES;
				CLANG_WARN_DEPRECATED_OBJC_IMPLEMENTATIONS = YES;
				CLANG_WARN_DIRECT_OBJC_ISA_USAGE = YES_ERROR;
				CLANG_WARN_DOCUMENTATION_COMMENTS = YES;
				CLANG_WARN_EMPTY_BODY = YES;
				CLANG_WARN_ENUM_CONVERSION = YES;
				CLANG_WARN_INFINITE_RECURSION = YES;
				CLANG_WARN_INT_CONVERSION = YES;
				CLANG_WARN_NON_LITERAL_NULL_CONVERSION = YES;
				CLANG_WARN_OBJC_IMPLICIT_RETAIN_SELF = YES;
				CLANG_WARN_OBJC_LITERAL_CONVERSION = YES;
				CLANG_WARN_OBJC_ROOT_CLASS = YES_ERROR;
				CLANG_WARN_RANGE_LOOP_ANALYSIS = YES;
				CLANG_WARN_STRICT_PROTOTYPES = YES;
				CLANG_WARN_SUSPICIOUS_MOVE = YES;
				CLANG_WARN_UNGUARDED_AVAILABILITY = YES_AGGRESSIVE;
				CLANG_WARN_UNREACHABLE_CODE = YES;
				CLANG_WARN__DUPLICATE_METHOD_MATCH = YES;
				CODE_SIGN_IDENTITY = "iPhone Developer";
				COPY_PHASE_STRIP = NO;
				DEBUG_INFORMATION_FORMAT = dwarf;
				ENABLE_STRICT_OBJC_MSGSEND = YES;
				ENABLE_TESTABILITY = YES;
				GCC_C_LANGUAGE_STANDARD = gnu11;
				GCC_DYNAMIC_NO_PIC = NO;
				GCC_NO_COMMON_BLOCKS = YES;
				GCC_OPTIMIZATION_LEVEL = 0;
				GCC_PREPROCESSOR_DEFINITIONS = (
					"DEBUG=1",
					"$(inherited)",
				);
				GCC_WARN_64_TO_32_BIT_CONVERSION = YES;
				GCC_WARN_ABOUT_RETURN_TYPE = YES_ERROR;
				GCC_WARN_UNDECLARED_SELECTOR = YES;
				GCC_WARN_UNINITIALIZED_AUTOS = YES_AGGRESSIVE;
				GCC_WARN_UNUSED_FUNCTION = YES;
				GCC_WARN_UNUSED_VARIABLE = YES;
				IPHONEOS_DEPLOYMENT_TARGET = 12.0;
				MTL_ENABLE_DEBUG_INFO = INCLUDE_SOURCE;
				MTL_FAST_MATH = YES;
				ONLY_ACTIVE_ARCH = YES;
				SDKROOT = iphoneos;
				SWIFT_ACTIVE_COMPILATION_CONDITIONS = DEBUG;
				SWIFT_OPTIMIZATION_LEVEL = "-Onone";
			};
			name = Debug;
		};
		894FA98321FF1EC700AAB125 /* Release */ = {
			isa = XCBuildConfiguration;
			buildSettings = {
				ALWAYS_SEARCH_USER_PATHS = NO;
				CLANG_ANALYZER_NONNULL = YES;
				CLANG_ANALYZER_NUMBER_OBJECT_CONVERSION = YES_AGGRESSIVE;
				CLANG_CXX_LANGUAGE_STANDARD = "gnu++14";
				CLANG_CXX_LIBRARY = "libc++";
				CLANG_ENABLE_MODULES = YES;
				CLANG_ENABLE_OBJC_ARC = YES;
				CLANG_ENABLE_OBJC_WEAK = YES;
				CLANG_WARN_BLOCK_CAPTURE_AUTORELEASING = YES;
				CLANG_WARN_BOOL_CONVERSION = YES;
				CLANG_WARN_COMMA = YES;
				CLANG_WARN_CONSTANT_CONVERSION = YES;
				CLANG_WARN_DEPRECATED_OBJC_IMPLEMENTATIONS = YES;
				CLANG_WARN_DIRECT_OBJC_ISA_USAGE = YES_ERROR;
				CLANG_WARN_DOCUMENTATION_COMMENTS = YES;
				CLANG_WARN_EMPTY_BODY = YES;
				CLANG_WARN_ENUM_CONVERSION = YES;
				CLANG_WARN_INFINITE_RECURSION = YES;
				CLANG_WARN_INT_CONVERSION = YES;
				CLANG_WARN_NON_LITERAL_NULL_CONVERSION = YES;
				CLANG_WARN_OBJC_IMPLICIT_RETAIN_SELF = YES;
				CLANG_WARN_OBJC_LITERAL_CONVERSION = YES;
				CLANG_WARN_OBJC_ROOT_CLASS = YES_ERROR;
				CLANG_WARN_RANGE_LOOP_ANALYSIS = YES;
				CLANG_WARN_STRICT_PROTOTYPES = YES;
				CLANG_WARN_SUSPICIOUS_MOVE = YES;
				CLANG_WARN_UNGUARDED_AVAILABILITY = YES_AGGRESSIVE;
				CLANG_WARN_UNREACHABLE_CODE = YES;
				CLANG_WARN__DUPLICATE_METHOD_MATCH = YES;
				CODE_SIGN_IDENTITY = "iPhone Developer";
				COPY_PHASE_STRIP = NO;
				DEBUG_INFORMATION_FORMAT = "dwarf-with-dsym";
				ENABLE_NS_ASSERTIONS = NO;
				ENABLE_STRICT_OBJC_MSGSEND = YES;
				GCC_C_LANGUAGE_STANDARD = gnu11;
				GCC_NO_COMMON_BLOCKS = YES;
				GCC_WARN_64_TO_32_BIT_CONVERSION = YES;
				GCC_WARN_ABOUT_RETURN_TYPE = YES_ERROR;
				GCC_WARN_UNDECLARED_SELECTOR = YES;
				GCC_WARN_UNINITIALIZED_AUTOS = YES_AGGRESSIVE;
				GCC_WARN_UNUSED_FUNCTION = YES;
				GCC_WARN_UNUSED_VARIABLE = YES;
				IPHONEOS_DEPLOYMENT_TARGET = 12.0;
				MTL_ENABLE_DEBUG_INFO = NO;
				MTL_FAST_MATH = YES;
				SDKROOT = iphoneos;
				SWIFT_COMPILATION_MODE = wholemodule;
				SWIFT_OPTIMIZATION_LEVEL = "-O";
				VALIDATE_PRODUCT = YES;
			};
			name = Release;
		};
		894FA98521FF1EC700AAB125 /* Debug */ = {
			isa = XCBuildConfiguration;
			baseConfigurationReference = 6F0F619FE2466E1D5FD2983A /* Pods-Watermarks.debug.xcconfig */;
			buildSettings = {
				ASSETCATALOG_COMPILER_APPICON_NAME = AppIcon;
				CODE_SIGN_STYLE = Automatic;
				DEVELOPMENT_TEAM = H28X75MLUY;
				INFOPLIST_FILE = Watermarks/Info.plist;
				LD_RUNPATH_SEARCH_PATHS = (
					"$(inherited)",
					"@executable_path/Frameworks",
				);
				PRODUCT_BUNDLE_IDENTIFIER = com.prashantg.Watermarks;
				PRODUCT_NAME = "$(TARGET_NAME)";
				SWIFT_VERSION = 4.2;
				TARGETED_DEVICE_FAMILY = "1,2";
			};
			name = Debug;
		};
		894FA98621FF1EC700AAB125 /* Release */ = {
			isa = XCBuildConfiguration;
			baseConfigurationReference = 3FE0E4867AF8F85904AAD0B7 /* Pods-Watermarks.release.xcconfig */;
			buildSettings = {
				ASSETCATALOG_COMPILER_APPICON_NAME = AppIcon;
				CODE_SIGN_STYLE = Automatic;
				DEVELOPMENT_TEAM = H28X75MLUY;
				INFOPLIST_FILE = Watermarks/Info.plist;
				LD_RUNPATH_SEARCH_PATHS = (
					"$(inherited)",
					"@executable_path/Frameworks",
				);
				PRODUCT_BUNDLE_IDENTIFIER = com.prashantg.Watermarks;
				PRODUCT_NAME = "$(TARGET_NAME)";
				SWIFT_VERSION = 4.2;
				TARGETED_DEVICE_FAMILY = "1,2";
			};
			name = Release;
		};
/* End XCBuildConfiguration section */

/* Begin XCConfigurationList section */
		894FA96D21FF1EC300AAB125 /* Build configuration list for PBXProject "Watermarks" */ = {
			isa = XCConfigurationList;
			buildConfigurations = (
				894FA98221FF1EC700AAB125 /* Debug */,
				894FA98321FF1EC700AAB125 /* Release */,
			);
			defaultConfigurationIsVisible = 0;
			defaultConfigurationName = Release;
		};
		894FA98421FF1EC700AAB125 /* Build configuration list for PBXNativeTarget "Watermarks" */ = {
			isa = XCConfigurationList;
			buildConfigurations = (
				894FA98521FF1EC700AAB125 /* Debug */,
				894FA98621FF1EC700AAB125 /* Release */,
			);
			defaultConfigurationIsVisible = 0;
			defaultConfigurationName = Release;
		};
/* End XCConfigurationList section */
	};
	rootObject = 894FA96A21FF1EC300AAB125 /* Project object */;
}
